
Microsoft Visual Studio Solution File, Format Version 12.00
# Visual Studio Version 17
VisualStudioVersion = 17.9.34622.214
MinimumVisualStudioVersion = 10.0.40219.1
Project("{9A19103F-16F7-4668-BE54-9A1E7A4F7556}") = "Generator", "Generator\Generator.csproj", "{B7225D11-2AAA-49D6-AE93-A73696EA35FE}"
EndProject
Project("{9A19103F-16F7-4668-BE54-9A1E7A4F7556}") = "Facepunch.Steamworks.Test", "Facepunch.Steamworks.Test\Facepunch.Steamworks.Test.csproj", "{165081E3-BD96-404B-B83E-A635F1AF7CDE}"
EndProject
Project("{9A19103F-16F7-4668-BE54-9A1E7A4F7556}") = "Facepunch.Steamworks", "Facepunch.Steamworks\Facepunch.Steamworks.csproj", "{502EE8DD-5B6D-4484-9DB1-009C67849563}"
EndProject
Project("{2150E333-8FDC-42A3-9474-1A3956D46DE8}") = "Solution Items", "Solution Items", "{E1FBD113-1802-4442-A1B6-D8C94A3E6DE7}"
	ProjectSection(SolutionItems) = preProject
		.editorconfig = .editorconfig
		.gitattributes = .gitattributes
		.gitignore = .gitignore
		LICENSE = LICENSE
	EndProjectSection
EndProject
Global
	GlobalSection(SolutionConfigurationPlatforms) = preSolution
		Debug|Any CPU = Debug|Any CPU
		Debug|x64 = Debug|x64
		Debug|x86 = Debug|x86
		Release|Any CPU = Release|Any CPU
		Release|x64 = Release|x64
		Release|x86 = Release|x86
	EndGlobalSection
	GlobalSection(ProjectConfigurationPlatforms) = postSolution
		{B7225D11-2AAA-49D6-AE93-A73696EA35FE}.Debug|Any CPU.ActiveCfg = Debug|Any CPU
		{B7225D11-2AAA-49D6-AE93-A73696EA35FE}.Debug|Any CPU.Build.0 = Debug|Any CPU
		{B7225D11-2AAA-49D6-AE93-A73696EA35FE}.Debug|x64.ActiveCfg = Debug|Any CPU
		{B7225D11-2AAA-49D6-AE93-A73696EA35FE}.Debug|x64.Build.0 = Debug|Any CPU
		{B7225D11-2AAA-49D6-AE93-A73696EA35FE}.Debug|x86.ActiveCfg = Debug|Any CPU
		{B7225D11-2AAA-49D6-AE93-A73696EA35FE}.Debug|x86.Build.0 = Debug|Any CPU
		{B7225D11-2AAA-49D6-AE93-A73696EA35FE}.Release|Any CPU.ActiveCfg = Release|Any CPU
		{B7225D11-2AAA-49D6-AE93-A73696EA35FE}.Release|Any CPU.Build.0 = Release|Any CPU
		{B7225D11-2AAA-49D6-AE93-A73696EA35FE}.Release|x64.ActiveCfg = Release|Any CPU
		{B7225D11-2AAA-49D6-AE93-A73696EA35FE}.Release|x64.Build.0 = Release|Any CPU
		{B7225D11-2AAA-49D6-AE93-A73696EA35FE}.Release|x86.ActiveCfg = Release|Any CPU
		{B7225D11-2AAA-49D6-AE93-A73696EA35FE}.Release|x86.Build.0 = Release|Any CPU
		{165081E3-BD96-404B-B83E-A635F1AF7CDE}.Debug|Any CPU.ActiveCfg = Debug|Any CPU
		{165081E3-BD96-404B-B83E-A635F1AF7CDE}.Debug|Any CPU.Build.0 = Debug|Any CPU
		{165081E3-BD96-404B-B83E-A635F1AF7CDE}.Debug|x64.ActiveCfg = Debug|x64
		{165081E3-BD96-404B-B83E-A635F1AF7CDE}.Debug|x64.Build.0 = Debug|x64
		{165081E3-BD96-404B-B83E-A635F1AF7CDE}.Debug|x86.ActiveCfg = Debug|x86
		{165081E3-BD96-404B-B83E-A635F1AF7CDE}.Debug|x86.Build.0 = Debug|x86
		{165081E3-BD96-404B-B83E-A635F1AF7CDE}.Release|Any CPU.ActiveCfg = Release|Any CPU
		{165081E3-BD96-404B-B83E-A635F1AF7CDE}.Release|Any CPU.Build.0 = Release|Any CPU
		{165081E3-BD96-404B-B83E-A635F1AF7CDE}.Release|x64.ActiveCfg = Release|x64
		{165081E3-BD96-404B-B83E-A635F1AF7CDE}.Release|x64.Build.0 = Release|x64
		{165081E3-BD96-404B-B83E-A635F1AF7CDE}.Release|x86.ActiveCfg = Release|x86
		{165081E3-BD96-404B-B83E-A635F1AF7CDE}.Release|x86.Build.0 = Release|x86
		{502EE8DD-5B6D-4484-9DB1-009C67849563}.Debug|Any CPU.ActiveCfg = Debug|Any CPU
		{502EE8DD-5B6D-4484-9DB1-009C67849563}.Debug|Any CPU.Build.0 = Debug|Any CPU
		{502EE8DD-5B6D-4484-9DB1-009C67849563}.Debug|x64.ActiveCfg = Debug|Any CPU
		{502EE8DD-5B6D-4484-9DB1-009C67849563}.Debug|x64.Build.0 = Debug|Any CPU
		{502EE8DD-5B6D-4484-9DB1-009C67849563}.Debug|x86.ActiveCfg = Debug|Any CPU
		{502EE8DD-5B6D-4484-9DB1-009C67849563}.Debug|x86.Build.0 = Debug|Any CPU
		{502EE8DD-5B6D-4484-9DB1-009C67849563}.Release|Any CPU.ActiveCfg = Release|Any CPU
		{502EE8DD-5B6D-4484-9DB1-009C67849563}.Release|Any CPU.Build.0 = Release|Any CPU
		{502EE8DD-5B6D-4484-9DB1-009C67849563}.Release|x64.ActiveCfg = Release|Any CPU
		{502EE8DD-5B6D-4484-9DB1-009C67849563}.Release|x64.Build.0 = Release|Any CPU
		{502EE8DD-5B6D-4484-9DB1-009C67849563}.Release|x86.ActiveCfg = Release|Any CPU
		{502EE8DD-5B6D-4484-9DB1-009C67849563}.Release|x86.Build.0 = Release|Any CPU
	EndGlobalSection
	GlobalSection(SolutionProperties) = preSolution
		HideSolutionNode = FALSE
	EndGlobalSection
	GlobalSection(ExtensibilityGlobals) = postSolution
		SolutionGuid = {506FC2EC-38D1-45E2-BAE8-D61584162F7D}
	EndGlobalSection
EndGlobal
